
Microsoft Visual Studio Solution File, Format Version 12.00
# Visual Studio Version 16
VisualStudioVersion = 16.0.30804.86
MinimumVisualStudioVersion = 10.0.40219.1
Project("{FAE04EC0-301F-11D3-BF4B-00C04F79EFBC}") = "Lol Decay Analyser", "Lol Decay Analyser\Lol Decay Analyser.csproj", "{B1EA0F77-7812-49B9-B36D-B283E10375FE}"
EndProject
Global
	GlobalSection(SolutionConfigurationPlatforms) = preSolution
		Debug|Any CPU = Debug|Any CPU
		Release|Any CPU = Release|Any CPU
	EndGlobalSection
	GlobalSection(ProjectConfigurationPlatforms) = postSolution
		{B1EA0F77-7812-49B9-B36D-B283E10375FE}.Debug|Any CPU.ActiveCfg = Debug|Any CPU
		{B1EA0F77-7812-49B9-B36D-B283E10375FE}.Debug|Any CPU.Build.0 = Debug|Any CPU
		{B1EA0F77-7812-49B9-B36D-B283E10375FE}.Release|Any CPU.ActiveCfg = Release|Any CPU
		{B1EA0F77-7812-49B9-B36D-B283E10375FE}.Release|Any CPU.Build.0 = Release|Any CPU
	EndGlobalSection
	GlobalSection(SolutionProperties) = preSolution
		HideSolutionNode = FALSE
	EndGlobalSection
	GlobalSection(ExtensibilityGlobals) = postSolution
		SolutionGuid = {48FB4B2B-6CFB-4C9F-8AEF-4125A77ECC47}
	EndGlobalSection
EndGlobal
