
Microsoft Visual Studio Solution File, Format Version 12.00
# Visual Studio Version 16
VisualStudioVersion = 16.0.30320.27
MinimumVisualStudioVersion = 10.0.40219.1
Project("{FAE04EC0-301F-11D3-BF4B-00C04F79EFBC}") = "Lol Decay Reminder", "Lol Decay Reminder\Lol Decay Reminder.csproj", "{409D21DE-1809-4DC8-8F88-D83B233056CC}"
EndProject
Global
	GlobalSection(SolutionConfigurationPlatforms) = preSolution
		Debug|Any CPU = Debug|Any CPU
		Release|Any CPU = Release|Any CPU
	EndGlobalSection
	GlobalSection(ProjectConfigurationPlatforms) = postSolution
		{409D21DE-1809-4DC8-8F88-D83B233056CC}.Debug|Any CPU.ActiveCfg = Debug|Any CPU
		{409D21DE-1809-4DC8-8F88-D83B233056CC}.Debug|Any CPU.Build.0 = Debug|Any CPU
		{409D21DE-1809-4DC8-8F88-D83B233056CC}.Release|Any CPU.ActiveCfg = Release|Any CPU
		{409D21DE-1809-4DC8-8F88-D83B233056CC}.Release|Any CPU.Build.0 = Release|Any CPU
	EndGlobalSection
	GlobalSection(SolutionProperties) = preSolution
		HideSolutionNode = FALSE
	EndGlobalSection
	GlobalSection(ExtensibilityGlobals) = postSolution
		SolutionGuid = {9E89325D-DFF1-4903-A59A-BDE2B90F805A}
	EndGlobalSection
EndGlobal
